
Microsoft Visual Studio Solution File, Format Version 12.00
# Visual Studio Version 17
VisualStudioVersion = 17.14.37027.9 d17.14
MinimumVisualStudioVersion = 10.0.40219.1
Project("{D2ABAB84-BF74-430A-B69E-9DC6D40DDA17}") = "Retail_SSAS", "Retail_SSAS.dwproj", "{EA6765B4-A577-47F0-23B0-847C8A8B4C7E}"
EndProject
Global
	GlobalSection(SolutionConfigurationPlatforms) = preSolution
		Development|Default = Development|Default
	EndGlobalSection
	GlobalSection(ProjectConfigurationPlatforms) = postSolution
		{EA6765B4-A577-47F0-23B0-847C8A8B4C7E}.Development|Default.ActiveCfg = Development
		{EA6765B4-A577-47F0-23B0-847C8A8B4C7E}.Development|Default.Build.0 = Development
		{EA6765B4-A577-47F0-23B0-847C8A8B4C7E}.Development|Default.Deploy.0 = Development
	EndGlobalSection
	GlobalSection(SolutionProperties) = preSolution
		HideSolutionNode = FALSE
	EndGlobalSection
	GlobalSection(ExtensibilityGlobals) = postSolution
		SolutionGuid = {B3453E65-0690-4506-A9C2-526B7F4AC91F}
	EndGlobalSection
EndGlobal
